
Microsoft Visual Studio Solution File, Format Version 12.00
# Visual Studio 14
VisualStudioVersion = 14.0.23107.0
MinimumVisualStudioVersion = 10.0.40219.1
Project("{159641D6-6404-4A2A-AE62-294DE0FE8301}") = "DataTypeAndConversion", "DataTypeAndConversion\DataTypeAndConversion.dtproj", "{D4D12E0A-0AAE-44CF-AB12-306461B94C3A}"
EndProject
Global
	GlobalSection(SolutionConfigurationPlatforms) = preSolution
		Development|Default = Development|Default
	EndGlobalSection
	GlobalSection(ProjectConfigurationPlatforms) = postSolution
		{D4D12E0A-0AAE-44CF-AB12-306461B94C3A}.Development|Default.ActiveCfg = Development
		{D4D12E0A-0AAE-44CF-AB12-306461B94C3A}.Development|Default.Build.0 = Development
	EndGlobalSection
	GlobalSection(SolutionProperties) = preSolution
		HideSolutionNode = FALSE
	EndGlobalSection
EndGlobal
