
Microsoft Visual Studio Solution File, Format Version 12.00
# Visual Studio 14
VisualStudioVersion = 14.0.23107.0
MinimumVisualStudioVersion = 10.0.40219.1
Project("{159641D6-6404-4A2A-AE62-294DE0FE8301}") = "SequenceContainersFORLoops", "SequenceContainersFORLoops\SequenceContainersFORLoops.dtproj", "{B3BD01F4-EB25-44BC-A356-1DF160651D60}"
EndProject
Global
	GlobalSection(SolutionConfigurationPlatforms) = preSolution
		Development|Default = Development|Default
	EndGlobalSection
	GlobalSection(ProjectConfigurationPlatforms) = postSolution
		{B3BD01F4-EB25-44BC-A356-1DF160651D60}.Development|Default.ActiveCfg = Development
		{B3BD01F4-EB25-44BC-A356-1DF160651D60}.Development|Default.Build.0 = Development
	EndGlobalSection
	GlobalSection(SolutionProperties) = preSolution
		HideSolutionNode = FALSE
	EndGlobalSection
EndGlobal
