
Microsoft Visual Studio Solution File, Format Version 12.00
# Visual Studio 14
VisualStudioVersion = 14.0.23107.0
MinimumVisualStudioVersion = 10.0.40219.1
Project("{159641D6-6404-4A2A-AE62-294DE0FE8301}") = "Create one text file for each mentor", "Create one text file for each mentor\Create one text file for each mentor.dtproj", "{307BD65B-0FDB-433E-849E-B3999A6A3047}"
EndProject
Global
	GlobalSection(SolutionConfigurationPlatforms) = preSolution
		Development|Default = Development|Default
	EndGlobalSection
	GlobalSection(ProjectConfigurationPlatforms) = postSolution
		{307BD65B-0FDB-433E-849E-B3999A6A3047}.Development|Default.ActiveCfg = Development
		{307BD65B-0FDB-433E-849E-B3999A6A3047}.Development|Default.Build.0 = Development
	EndGlobalSection
	GlobalSection(SolutionProperties) = preSolution
		HideSolutionNode = FALSE
	EndGlobalSection
EndGlobal
