
Microsoft Visual Studio Solution File, Format Version 12.00
# Visual Studio 14
VisualStudioVersion = 14.0.23107.0
MinimumVisualStudioVersion = 10.0.40219.1
Project("{159641D6-6404-4A2A-AE62-294DE0FE8301}") = "BasicBackages", "BasicBackages\BasicBackages.dtproj", "{61C7A006-39E1-46B7-9796-68F6EA3C0354}"
EndProject
Global
	GlobalSection(SolutionConfigurationPlatforms) = preSolution
		Development|Default = Development|Default
	EndGlobalSection
	GlobalSection(ProjectConfigurationPlatforms) = postSolution
		{61C7A006-39E1-46B7-9796-68F6EA3C0354}.Development|Default.ActiveCfg = Development
		{61C7A006-39E1-46B7-9796-68F6EA3C0354}.Development|Default.Build.0 = Development
	EndGlobalSection
	GlobalSection(SolutionProperties) = preSolution
		HideSolutionNode = FALSE
	EndGlobalSection
EndGlobal
