
Microsoft Visual Studio Solution File, Format Version 12.00
# Visual Studio 14
VisualStudioVersion = 14.0.23107.0
MinimumVisualStudioVersion = 10.0.40219.1
Project("{159641D6-6404-4A2A-AE62-294DE0FE8301}") = "ExpressionOtherConstraints", "ExpressionOtherConstraints\ExpressionOtherConstraints.dtproj", "{A0015244-46CC-443E-BBFE-00A754BF9950}"
EndProject
Global
	GlobalSection(SolutionConfigurationPlatforms) = preSolution
		Development|Default = Development|Default
	EndGlobalSection
	GlobalSection(ProjectConfigurationPlatforms) = postSolution
		{A0015244-46CC-443E-BBFE-00A754BF9950}.Development|Default.ActiveCfg = Development
		{A0015244-46CC-443E-BBFE-00A754BF9950}.Development|Default.Build.0 = Development
	EndGlobalSection
	GlobalSection(SolutionProperties) = preSolution
		HideSolutionNode = FALSE
	EndGlobalSection
EndGlobal
