
Microsoft Visual Studio Solution File, Format Version 12.00
# Visual Studio 14
VisualStudioVersion = 14.0.23107.0
MinimumVisualStudioVersion = 10.0.40219.1
Project("{159641D6-6404-4A2A-AE62-294DE0FE8301}") = "ConditionalSplit", "ConditionalSplit\ConditionalSplit.dtproj", "{C447E72F-72D9-4EE2-8B06-BDB4DA5CB6F5}"
EndProject
Global
	GlobalSection(SolutionConfigurationPlatforms) = preSolution
		Development|Default = Development|Default
	EndGlobalSection
	GlobalSection(ProjectConfigurationPlatforms) = postSolution
		{C447E72F-72D9-4EE2-8B06-BDB4DA5CB6F5}.Development|Default.ActiveCfg = Development
		{C447E72F-72D9-4EE2-8B06-BDB4DA5CB6F5}.Development|Default.Build.0 = Development
	EndGlobalSection
	GlobalSection(SolutionProperties) = preSolution
		HideSolutionNode = FALSE
	EndGlobalSection
EndGlobal
