
Microsoft Visual Studio Solution File, Format Version 12.00
# Visual Studio 14
VisualStudioVersion = 14.0.23107.0
MinimumVisualStudioVersion = 10.0.40219.1
Project("{159641D6-6404-4A2A-AE62-294DE0FE8301}") = "LookupTransforms", "LookupTransforms\LookupTransforms.dtproj", "{69481938-4C2C-4811-B2C4-942C3F4D6366}"
EndProject
Global
	GlobalSection(SolutionConfigurationPlatforms) = preSolution
		Development|Default = Development|Default
	EndGlobalSection
	GlobalSection(ProjectConfigurationPlatforms) = postSolution
		{69481938-4C2C-4811-B2C4-942C3F4D6366}.Development|Default.ActiveCfg = Development
		{69481938-4C2C-4811-B2C4-942C3F4D6366}.Development|Default.Build.0 = Development
	EndGlobalSection
	GlobalSection(SolutionProperties) = preSolution
		HideSolutionNode = FALSE
	EndGlobalSection
EndGlobal
